
Microsoft Visual Studio Solution File, Format Version 12.00
# Visual Studio 15
VisualStudioVersion = 15.0.26730.10
MinimumVisualStudioVersion = 10.0.40219.1
Project("{FAE04EC0-301F-11D3-BF4B-00C04F79EFBC}") = "Page Replacement", "Project 4\Page Replacement.csproj", "{78AD1E85-76F3-4EBB-80FD-DCDE19829F16}"
EndProject
Global
	GlobalSection(SolutionConfigurationPlatforms) = preSolution
		Debug|Any CPU = Debug|Any CPU
		Release|Any CPU = Release|Any CPU
	EndGlobalSection
	GlobalSection(ProjectConfigurationPlatforms) = postSolution
		{78AD1E85-76F3-4EBB-80FD-DCDE19829F16}.Debug|Any CPU.ActiveCfg = Debug|Any CPU
		{78AD1E85-76F3-4EBB-80FD-DCDE19829F16}.Debug|Any CPU.Build.0 = Debug|Any CPU
		{78AD1E85-76F3-4EBB-80FD-DCDE19829F16}.Release|Any CPU.ActiveCfg = Release|Any CPU
		{78AD1E85-76F3-4EBB-80FD-DCDE19829F16}.Release|Any CPU.Build.0 = Release|Any CPU
	EndGlobalSection
	GlobalSection(SolutionProperties) = preSolution
		HideSolutionNode = FALSE
	EndGlobalSection
	GlobalSection(ExtensibilityGlobals) = postSolution
		SolutionGuid = {E2C070FE-065A-46BD-B28E-2B28DBB72E68}
	EndGlobalSection
EndGlobal
